// !$*UTF8*$!
{
	archiveVersion = 1;
	classes = {
	};
	objectVersion = 46;
	objects = {

/* Begin PBXBuildFile section */
		F1851BD51B1CD91300A63C60 /* main.m in Sources */ = {isa = PBXBuildFile; fileRef = F1851BD41B1CD91300A63C60 /* main.m */; };
		F1851BD81B1CD91300A63C60 /* AppDelegate.m in Sources */ = {isa = PBXBuildFile; fileRef = F1851BD71B1CD91300A63C60 /* AppDelegate.m */; };
		F1851BDE1B1CD91300A63C60 /* Main.storyboard in Resources */ = {isa = PBXBuildFile; fileRef = F1851BDC1B1CD91300A63C60 /* Main.storyboard */; };
		F1851BE01B1CD91300A63C60 /* Images.xcassets in Resources */ = {isa = PBXBuildFile; fileRef = F1851BDF1B1CD91300A63C60 /* Images.xcassets */; };
		F1851BE31B1CD91300A63C60 /* LaunchScreen.xib in Resources */ = {isa = PBXBuildFile; fileRef = F1851BE11B1CD91300A63C60 /* LaunchScreen.xib */; };
		F1851BEF1B1CD91300A63C60 /* PeeklyTests.m in Sources */ = {isa = PBXBuildFile; fileRef = F1851BEE1B1CD91300A63C60 /* PeeklyTests.m */; };
		F1851C031B1CDBEC00A63C60 /* GroupsViewController.m in Sources */ = {isa = PBXBuildFile; fileRef = F1851C021B1CDBEC00A63C60 /* GroupsViewController.m */; };
		F1851C061B1CDC0D00A63C60 /* TrendsViewController.m in Sources */ = {isa = PBXBuildFile; fileRef = F1851C051B1CDC0D00A63C60 /* TrendsViewController.m */; };
		F1851C091B1CDC2800A63C60 /* MyStuffViewController.m in Sources */ = {isa = PBXBuildFile; fileRef = F1851C081B1CDC2800A63C60 /* MyStuffViewController.m */; };
		F1851C0C1B1CDC3C00A63C60 /* MoreViewController.m in Sources */ = {isa = PBXBuildFile; fileRef = F1851C0B1B1CDC3C00A63C60 /* MoreViewController.m */; };
/* End PBXBuildFile section */

/* Begin PBXContainerItemProxy section */
		F1851BE91B1CD91300A63C60 /* PBXContainerItemProxy */ = {
			isa = PBXContainerItemProxy;
			containerPortal = F1851BC71B1CD91300A63C60 /* Project object */;
			proxyType = 1;
			remoteGlobalIDString = F1851BCE1B1CD91300A63C60;
			remoteInfo = Peekly;
		};
/* End PBXContainerItemProxy section */

/* Begin PBXFileReference section */
		F1851BCF1B1CD91300A63C60 /* Peekly.app */ = {isa = PBXFileReference; explicitFileType = wrapper.application; includeInIndex = 0; path = Peekly.app; sourceTree = BUILT_PRODUCTS_DIR; };
		F1851BD31B1CD91300A63C60 /* Info.plist */ = {isa = PBXFileReference; lastKnownFileType = text.plist.xml; path = Info.plist; sourceTree = "<group>"; };
		F1851BD41B1CD91300A63C60 /* main.m */ = {isa = PBXFileReference; lastKnownFileType = sourcecode.c.objc; path = main.m; sourceTree = "<group>"; };
		F1851BD61B1CD91300A63C60 /* AppDelegate.h */ = {isa = PBXFileReference; lastKnownFileType = sourcecode.c.h; path = AppDelegate.h; sourceTree = "<group>"; };
		F1851BD71B1CD91300A63C60 /* AppDelegate.m */ = {isa = PBXFileReference; lastKnownFileType = sourcecode.c.objc; path = AppDelegate.m; sourceTree = "<group>"; };
		F1851BDD1B1CD91300A63C60 /* Base */ = {isa = PBXFileReference; lastKnownFileType = file.storyboard; name = Base; path = Base.lproj/Main.storyboard; sourceTree = "<group>"; };
		F1851BDF1B1CD91300A63C60 /* Images.xcassets */ = {isa = PBXFileReference; lastKnownFileType = folder.assetcatalog; path = Images.xcassets; sourceTree = "<group>"; };
		F1851BE21B1CD91300A63C60 /* Base */ = {isa = PBXFileReference; lastKnownFileType = file.xib; name = Base; path = Base.lproj/LaunchScreen.xib; sourceTree = "<group>"; };
		F1851BE81B1CD91300A63C60 /* PeeklyTests.xctest */ = {isa = PBXFileReference; explicitFileType = wrapper.cfbundle; includeInIndex = 0; path = PeeklyTests.xctest; sourceTree = BUILT_PRODUCTS_DIR; };
		F1851BED1B1CD91300A63C60 /* Info.plist */ = {isa = PBXFileReference; lastKnownFileType = text.plist.xml; path = Info.plist; sourceTree = "<group>"; };
		F1851BEE1B1CD91300A63C60 /* PeeklyTests.m */ = {isa = PBXFileReference; lastKnownFileType = sourcecode.c.objc; path = PeeklyTests.m; sourceTree = "<group>"; };
		F1851C011B1CDBEC00A63C60 /* GroupsViewController.h */ = {isa = PBXFileReference; fileEncoding = 4; lastKnownFileType = sourcecode.c.h; path = GroupsViewController.h; sourceTree = "<group>"; };
		F1851C021B1CDBEC00A63C60 /* GroupsViewController.m */ = {isa = PBXFileReference; fileEncoding = 4; lastKnownFileType = sourcecode.c.objc; path = GroupsViewController.m; sourceTree = "<group>"; };
		F1851C041B1CDC0D00A63C60 /* TrendsViewController.h */ = {isa = PBXFileReference; fileEncoding = 4; lastKnownFileType = sourcecode.c.h; path = TrendsViewController.h; sourceTree = "<group>"; };
		F1851C051B1CDC0D00A63C60 /* TrendsViewController.m */ = {isa = PBXFileReference; fileEncoding = 4; lastKnownFileType = sourcecode.c.objc; path = TrendsViewController.m; sourceTree = "<group>"; };
		F1851C071B1CDC2800A63C60 /* MyStuffViewController.h */ = {isa = PBXFileReference; fileEncoding = 4; lastKnownFileType = sourcecode.c.h; path = MyStuffViewController.h; sourceTree = "<group>"; };
		F1851C081B1CDC2800A63C60 /* MyStuffViewController.m */ = {isa = PBXFileReference; fileEncoding = 4; lastKnownFileType = sourcecode.c.objc; path = MyStuffViewController.m; sourceTree = "<group>"; };
		F1851C0A1B1CDC3C00A63C60 /* MoreViewController.h */ = {isa = PBXFileReference; fileEncoding = 4; lastKnownFileType = sourcecode.c.h; path = MoreViewController.h; sourceTree = "<group>"; };
		F1851C0B1B1CDC3C00A63C60 /* MoreViewController.m */ = {isa = PBXFileReference; fileEncoding = 4; lastKnownFileType = sourcecode.c.objc; path = MoreViewController.m; sourceTree = "<group>"; };
/* End PBXFileReference section */

/* Begin PBXFrameworksBuildPhase section */
		F1851BCC1B1CD91300A63C60 /* Frameworks */ = {
			isa = PBXFrameworksBuildPhase;
			buildActionMask = 2147483647;
			files = (
			);
			runOnlyForDeploymentPostprocessing = 0;
		};
		F1851BE51B1CD91300A63C60 /* Frameworks */ = {
			isa = PBXFrameworksBuildPhase;
			buildActionMask = 2147483647;
			files = (
			);
			runOnlyForDeploymentPostprocessing = 0;
		};
/* End PBXFrameworksBuildPhase section */

/* Begin PBXGroup section */
		F1851BC61B1CD91300A63C60 = {
			isa = PBXGroup;
			children = (
				F1851BD11B1CD91300A63C60 /* Peekly */,
				F1851BEB1B1CD91300A63C60 /* PeeklyTests */,
				F1851BD01B1CD91300A63C60 /* Products */,
			);
			sourceTree = "<group>";
		};
		F1851BD01B1CD91300A63C60 /* Products */ = {
			isa = PBXGroup;
			children = (
				F1851BCF1B1CD91300A63C60 /* Peekly.app */,
				F1851BE81B1CD91300A63C60 /* PeeklyTests.xctest */,
			);
			name = Products;
			sourceTree = "<group>";
		};
		F1851BD11B1CD91300A63C60 /* Peekly */ = {
			isa = PBXGroup;
			children = (
				F1851BD61B1CD91300A63C60 /* AppDelegate.h */,
				F1851BD71B1CD91300A63C60 /* AppDelegate.m */,
				F1851BDC1B1CD91300A63C60 /* Main.storyboard */,
				F1851C0A1B1CDC3C00A63C60 /* MoreViewController.h */,
				F1851C0B1B1CDC3C00A63C60 /* MoreViewController.m */,
				F1851C071B1CDC2800A63C60 /* MyStuffViewController.h */,
				F1851C081B1CDC2800A63C60 /* MyStuffViewController.m */,
				F1851C041B1CDC0D00A63C60 /* TrendsViewController.h */,
				F1851C051B1CDC0D00A63C60 /* TrendsViewController.m */,
				F1851C011B1CDBEC00A63C60 /* GroupsViewController.h */,
				F1851C021B1CDBEC00A63C60 /* GroupsViewController.m */,
				F1851BDF1B1CD91300A63C60 /* Images.xcassets */,
				F1851BE11B1CD91300A63C60 /* LaunchScreen.xib */,
				F1851BD21B1CD91300A63C60 /* Supporting Files */,
			);
			path = Peekly;
			sourceTree = "<group>";
		};
		F1851BD21B1CD91300A63C60 /* Supporting Files */ = {
			isa = PBXGroup;
			children = (
				F1851BD31B1CD91300A63C60 /* Info.plist */,
				F1851BD41B1CD91300A63C60 /* main.m */,
			);
			name = "Supporting Files";
			sourceTree = "<group>";
		};
		F1851BEB1B1CD91300A63C60 /* PeeklyTests */ = {
			isa = PBXGroup;
			children = (
				F1851BEE1B1CD91300A63C60 /* PeeklyTests.m */,
				F1851BEC1B1CD91300A63C60 /* Supporting Files */,
			);
			path = PeeklyTests;
			sourceTree = "<group>";
		};
		F1851BEC1B1CD91300A63C60 /* Supporting Files */ = {
			isa = PBXGroup;
			children = (
				F1851BED1B1CD91300A63C60 /* Info.plist */,
			);
			name = "Supporting Files";
			sourceTree = "<group>";
		};
/* End PBXGroup section */

/* Begin PBXNativeTarget section */
		F1851BCE1B1CD91300A63C60 /* Peekly */ = {
			isa = PBXNativeTarget;
			buildConfigurationList = F1851BF21B1CD91300A63C60 /* Build configuration list for PBXNativeTarget "Peekly" */;
			buildPhases = (
				F1851BCB1B1CD91300A63C60 /* Sources */,
				F1851BCC1B1CD91300A63C60 /* Frameworks */,
				F1851BCD1B1CD91300A63C60 /* Resources */,
			);
			buildRules = (
			);
			dependencies = (
			);
			name = Peekly;
			productName = Peekly;
			productReference = F1851BCF1B1CD91300A63C60 /* Peekly.app */;
			productType = "com.apple.product-type.application";
		};
		F1851BE71B1CD91300A63C60 /* PeeklyTests */ = {
			isa = PBXNativeTarget;
			buildConfigurationList = F1851BF51B1CD91300A63C60 /* Build configuration list for PBXNativeTarget "PeeklyTests" */;
			buildPhases = (
				F1851BE41B1CD91300A63C60 /* Sources */,
				F1851BE51B1CD91300A63C60 /* Frameworks */,
				F1851BE61B1CD91300A63C60 /* Resources */,
			);
			buildRules = (
			);
			dependencies = (
				F1851BEA1B1CD91300A63C60 /* PBXTargetDependency */,
			);
			name = PeeklyTests;
			productName = PeeklyTests;
			productReference = F1851BE81B1CD91300A63C60 /* PeeklyTests.xctest */;
			productType = "com.apple.product-type.bundle.unit-test";
		};
/* End PBXNativeTarget section */

/* Begin PBXProject section */
		F1851BC71B1CD91300A63C60 /* Project object */ = {
			isa = PBXProject;
			attributes = {
				LastUpgradeCheck = 0630;
				ORGANIZATIONNAME = "Nabir Dinani";
				TargetAttributes = {
					F1851BCE1B1CD91300A63C60 = {
						CreatedOnToolsVersion = 6.3;
					};
					F1851BE71B1CD91300A63C60 = {
						CreatedOnToolsVersion = 6.3;
						TestTargetID = F1851BCE1B1CD91300A63C60;
					};
				};
			};
			buildConfigurationList = F1851BCA1B1CD91300A63C60 /* Build configuration list for PBXProject "Peekly" */;
			compatibilityVersion = "Xcode 3.2";
			developmentRegion = English;
			hasScannedForEncodings = 0;
			knownRegions = (
				en,
				Base,
			);
			mainGroup = F1851BC61B1CD91300A63C60;
			productRefGroup = F1851BD01B1CD91300A63C60 /* Products */;
			projectDirPath = "";
			projectRoot = "";
			targets = (
				F1851BCE1B1CD91300A63C60 /* Peekly */,
				F1851BE71B1CD91300A63C60 /* PeeklyTests */,
			);
		};
/* End PBXProject section */

/* Begin PBXResourcesBuildPhase section */
		F1851BCD1B1CD91300A63C60 /* Resources */ = {
			isa = PBXResourcesBuildPhase;
			buildActionMask = 2147483647;
			files = (
				F1851BDE1B1CD91300A63C60 /* Main.storyboard in Resources */,
				F1851BE31B1CD91300A63C60 /* LaunchScreen.xib in Resources */,
				F1851BE01B1CD91300A63C60 /* Images.xcassets in Resources */,
			);
			runOnlyForDeploymentPostprocessing = 0;
		};
		F1851BE61B1CD91300A63C60 /* Resources */ = {
			isa = PBXResourcesBuildPhase;
			buildActionMask = 2147483647;
			files = (
			);
			runOnlyForDeploymentPostprocessing = 0;
		};
/* End PBXResourcesBuildPhase section */

/* Begin PBXSourcesBuildPhase section */
		F1851BCB1B1CD91300A63C60 /* Sources */ = {
			isa = PBXSourcesBuildPhase;
			buildActionMask = 2147483647;
			files = (
				F1851C061B1CDC0D00A63C60 /* TrendsViewController.m in Sources */,
				F1851C0C1B1CDC3C00A63C60 /* MoreViewController.m in Sources */,
				F1851BD81B1CD91300A63C60 /* AppDelegate.m in Sources */,
				F1851C031B1CDBEC00A63C60 /* GroupsViewController.m in Sources */,
				F1851BD51B1CD91300A63C60 /* main.m in Sources */,
				F1851C091B1CDC2800A63C60 /* MyStuffViewController.m in Sources */,
			);
			runOnlyForDeploymentPostprocessing = 0;
		};
		F1851BE41B1CD91300A63C60 /* Sources */ = {
			isa = PBXSourcesBuildPhase;
			buildActionMask = 2147483647;
			files = (
				F1851BEF1B1CD91300A63C60 /* PeeklyTests.m in Sources */,
			);
			runOnlyForDeploymentPostprocessing = 0;
		};
/* End PBXSourcesBuildPhase section */

/* Begin PBXTargetDependency section */
		F1851BEA1B1CD91300A63C60 /* PBXTargetDependency */ = {
			isa = PBXTargetDependency;
			target = F1851BCE1B1CD91300A63C60 /* Peekly */;
			targetProxy = F1851BE91B1CD91300A63C60 /* PBXContainerItemProxy */;
		};
/* End PBXTargetDependency section */

/* Begin PBXVariantGroup section */
		F1851BDC1B1CD91300A63C60 /* Main.storyboard */ = {
			isa = PBXVariantGroup;
			children = (
				F1851BDD1B1CD91300A63C60 /* Base */,
			);
			name = Main.storyboard;
			sourceTree = "<group>";
		};
		F1851BE11B1CD91300A63C60 /* LaunchScreen.xib */ = {
			isa = PBXVariantGroup;
			children = (
				F1851BE21B1CD91300A63C60 /* Base */,
			);
			name = LaunchScreen.xib;
			sourceTree = "<group>";
		};
/* End PBXVariantGroup section */

/* Begin XCBuildConfiguration section */
		F1851BF01B1CD91300A63C60 /* Debug */ = {
			isa = XCBuildConfiguration;
			buildSettings = {
				ALWAYS_SEARCH_USER_PATHS = NO;
				CLANG_CXX_LANGUAGE_STANDARD = "gnu++0x";
				CLANG_CXX_LIBRARY = "libc++";
				CLANG_ENABLE_MODULES = YES;
				CLANG_ENABLE_OBJC_ARC = YES;
				CLANG_WARN_BOOL_CONVERSION = YES;
				CLANG_WARN_CONSTANT_CONVERSION = YES;
				CLANG_WARN_DIRECT_OBJC_ISA_USAGE = YES_ERROR;
				CLANG_WARN_EMPTY_BODY = YES;
				CLANG_WARN_ENUM_CONVERSION = YES;
				CLANG_WARN_INT_CONVERSION = YES;
				CLANG_WARN_OBJC_ROOT_CLASS = YES_ERROR;
				CLANG_WARN_UNREACHABLE_CODE = YES;
				CLANG_WARN__DUPLICATE_METHOD_MATCH = YES;
				"CODE_SIGN_IDENTITY[sdk=iphoneos*]" = "iPhone Developer";
				COPY_PHASE_STRIP = NO;
				DEBUG_INFORMATION_FORMAT = "dwarf-with-dsym";
				ENABLE_STRICT_OBJC_MSGSEND = YES;
				GCC_C_LANGUAGE_STANDARD = gnu99;
				GCC_DYNAMIC_NO_PIC = NO;
				GCC_NO_COMMON_BLOCKS = YES;
				GCC_OPTIMIZATION_LEVEL = 0;
				GCC_PREPROCESSOR_DEFINITIONS = (
					"DEBUG=1",
					"$(inherited)",
				);
				GCC_SYMBOLS_PRIVATE_EXTERN = NO;
				GCC_WARN_64_TO_32_BIT_CONVERSION = YES;
				GCC_WARN_ABOUT_RETURN_TYPE = YES_ERROR;
				GCC_WARN_UNDECLARED_SELECTOR = YES;
				GCC_WARN_UNINITIALIZED_AUTOS = YES_AGGRESSIVE;
				GCC_WARN_UNUSED_FUNCTION = YES;
				GCC_WARN_UNUSED_VARIABLE = YES;
				IPHONEOS_DEPLOYMENT_TARGET = 8.3;
				MTL_ENABLE_DEBUG_INFO = YES;
				ONLY_ACTIVE_ARCH = YES;
				SDKROOT = iphoneos;
			};
			name = Debug;
		};
		F1851BF11B1CD91300A63C60 /* Release */ = {
			isa = XCBuildConfiguration;
			buildSettings = {
				ALWAYS_SEARCH_USER_PATHS = NO;
				CLANG_CXX_LANGUAGE_STANDARD = "gnu++0x";
				CLANG_CXX_LIBRARY = "libc++";
				CLANG_ENABLE_MODULES = YES;
				CLANG_ENABLE_OBJC_ARC = YES;
				CLANG_WARN_BOOL_CONVERSION = YES;
				CLANG_WARN_CONSTANT_CONVERSION = YES;
				CLANG_WARN_DIRECT_OBJC_ISA_USAGE = YES_ERROR;
				CLANG_WARN_EMPTY_BODY = YES;
				CLANG_WARN_ENUM_CONVERSION = YES;
				CLANG_WARN_INT_CONVERSION = YES;
				CLANG_WARN_OBJC_ROOT_CLASS = YES_ERROR;
				CLANG_WARN_UNREACHABLE_CODE = YES;
				CLANG_WARN__DUPLICATE_METHOD_MATCH = YES;
				"CODE_SIGN_IDENTITY[sdk=iphoneos*]" = "iPhone Developer";
				COPY_PHASE_STRIP = NO;
				DEBUG_INFORMATION_FORMAT = "dwarf-with-dsym";
				ENABLE_NS_ASSERTIONS = NO;
				ENABLE_STRICT_OBJC_MSGSEND = YES;
				GCC_C_LANGUAGE_STANDARD = gnu99;
				GCC_NO_COMMON_BLOCKS = YES;
				GCC_WARN_64_TO_32_BIT_CONVERSION = YES;
				GCC_WARN_ABOUT_RETURN_TYPE = YES_ERROR;
				GCC_WARN_UNDECLARED_SELECTOR = YES;
				GCC_WARN_UNINITIALIZED_AUTOS = YES_AGGRESSIVE;
				GCC_WARN_UNUSED_FUNCTION = YES;
				GCC_WARN_UNUSED_VARIABLE = YES;
				IPHONEOS_DEPLOYMENT_TARGET = 8.3;
				MTL_ENABLE_DEBUG_INFO = NO;
				SDKROOT = iphoneos;
				VALIDATE_PRODUCT = YES;
			};
			name = Release;
		};
		F1851BF31B1CD91300A63C60 /* Debug */ = {
			isa = XCBuildConfiguration;
			buildSettings = {
				ASSETCATALOG_COMPILER_APPICON_NAME = AppIcon;
				INFOPLIST_FILE = Peekly/Info.plist;
				LD_RUNPATH_SEARCH_PATHS = "$(inherited) @executable_path/Frameworks";
				PRODUCT_NAME = "$(TARGET_NAME)";
			};
			name = Debug;
		};
		F1851BF41B1CD91300A63C60 /* Release */ = {
			isa = XCBuildConfiguration;
			buildSettings = {
				ASSETCATALOG_COMPILER_APPICON_NAME = AppIcon;
				INFOPLIST_FILE = Peekly/Info.plist;
				LD_RUNPATH_SEARCH_PATHS = "$(inherited) @executable_path/Frameworks";
				PRODUCT_NAME = "$(TARGET_NAME)";
			};
			name = Release;
		};
		F1851BF61B1CD91300A63C60 /* Debug */ = {
			isa = XCBuildConfiguration;
			buildSettings = {
				BUNDLE_LOADER = "$(TEST_HOST)";
				FRAMEWORK_SEARCH_PATHS = (
					"$(SDKROOT)/Developer/Library/Frameworks",
					"$(inherited)",
				);
				GCC_PREPROCESSOR_DEFINITIONS = (
					"DEBUG=1",
					"$(inherited)",
				);
				INFOPLIST_FILE = PeeklyTests/Info.plist;
				LD_RUNPATH_SEARCH_PATHS = "$(inherited) @executable_path/Frameworks @loader_path/Frameworks";
				PRODUCT_NAME = "$(TARGET_NAME)";
				TEST_HOST = "$(BUILT_PRODUCTS_DIR)/Peekly.app/Peekly";
			};
			name = Debug;
		};
		F1851BF71B1CD91300A63C60 /* Release */ = {
			isa = XCBuildConfiguration;
			buildSettings = {
				BUNDLE_LOADER = "$(TEST_HOST)";
				FRAMEWORK_SEARCH_PATHS = (
					"$(SDKROOT)/Developer/Library/Frameworks",
					"$(inherited)",
				);
				INFOPLIST_FILE = PeeklyTests/Info.plist;
				LD_RUNPATH_SEARCH_PATHS = "$(inherited) @executable_path/Frameworks @loader_path/Frameworks";
				PRODUCT_NAME = "$(TARGET_NAME)";
				TEST_HOST = "$(BUILT_PRODUCTS_DIR)/Peekly.app/Peekly";
			};
			name = Release;
		};
/* End XCBuildConfiguration section */

/* Begin XCConfigurationList section */
		F1851BCA1B1CD91300A63C60 /* Build configuration list for PBXProject "Peekly" */ = {
			isa = XCConfigurationList;
			buildConfigurations = (
				F1851BF01B1CD91300A63C60 /* Debug */,
				F1851BF11B1CD91300A63C60 /* Release */,
			);
			defaultConfigurationIsVisible = 0;
			defaultConfigurationName = Release;
		};
		F1851BF21B1CD91300A63C60 /* Build configuration list for PBXNativeTarget "Peekly" */ = {
			isa = XCConfigurationList;
			buildConfigurations = (
				F1851BF31B1CD91300A63C60 /* Debug */,
				F1851BF41B1CD91300A63C60 /* Release */,
			);
			defaultConfigurationIsVisible = 0;
		};
		F1851BF51B1CD91300A63C60 /* Build configuration list for PBXNativeTarget "PeeklyTests" */ = {
			isa = XCConfigurationList;
			buildConfigurations = (
				F1851BF61B1CD91300A63C60 /* Debug */,
				F1851BF71B1CD91300A63C60 /* Release */,
			);
			defaultConfigurationIsVisible = 0;
		};
/* End XCConfigurationList section */
	};
	rootObject = F1851BC71B1CD91300A63C60 /* Project object */;
}
